
Microsoft Visual Studio Solution File, Format Version 12.00
# Visual Studio Version 17
VisualStudioVersion = 17.0.31903.59
MinimumVisualStudioVersion = 10.0.40219.1
Project("{9A19103F-16F7-4668-BE54-9A1E7A4F7556}") = "FinalArgentaFrontend", "FinalArgentaFrontend\FinalArgentaFrontend.csproj", "{FE3F784D-D208-47CD-A0A7-4CE5C3636A69}"
EndProject
Global
	GlobalSection(SolutionConfigurationPlatforms) = preSolution
		Debug|Any CPU = Debug|Any CPU
		Release|Any CPU = Release|Any CPU
	EndGlobalSection
	GlobalSection(ProjectConfigurationPlatforms) = postSolution
		{FE3F784D-D208-47CD-A0A7-4CE5C3636A69}.Debug|Any CPU.ActiveCfg = Debug|Any CPU
		{FE3F784D-D208-47CD-A0A7-4CE5C3636A69}.Debug|Any CPU.Build.0 = Debug|Any CPU
		{FE3F784D-D208-47CD-A0A7-4CE5C3636A69}.Release|Any CPU.ActiveCfg = Release|Any CPU
		{FE3F784D-D208-47CD-A0A7-4CE5C3636A69}.Release|Any CPU.Build.0 = Release|Any CPU
	EndGlobalSection
	GlobalSection(SolutionProperties) = preSolution
		HideSolutionNode = FALSE
	EndGlobalSection
	GlobalSection(ExtensibilityGlobals) = postSolution
		SolutionGuid = {568F1677-3014-477D-96F2-090EAF790C07}
	EndGlobalSection
EndGlobal
